
Microsoft Visual Studio Solution File, Format Version 12.00
# Visual Studio 14
VisualStudioVersion = 14.0.23107.0
MinimumVisualStudioVersion = 10.0.40219.1
Project("{FAE04EC0-301F-11D3-BF4B-00C04F79EFBC}") = "TimeZoneRevolution", "TimeZoneRevolution\TimeZoneRevolution.csproj", "{6101284B-7E84-4CDD-8350-0984A536B06C}"
EndProject
Project("{FAE04EC0-301F-11D3-BF4B-00C04F79EFBC}") = "TimeZoneRevolution.Android", "TimeZoneRevolution.Android\TimeZoneRevolution.Android.csproj", "{EACF0AF9-BA90-49B9-B140-76822045DFBD}"
EndProject
Project("{FAE04EC0-301F-11D3-BF4B-00C04F79EFBC}") = "TimeZoneRevolution.Shared", "TimeZoneRevolution.Shared\TimeZoneRevolution.Shared.csproj", "{1C2BDAE4-0724-4107-B318-A36DBE167B30}"
EndProject
Project("{FAE04EC0-301F-11D3-BF4B-00C04F79EFBC}") = "TimeZoneRevolution.IOS", "TimeZoneRevolution.IOS\TimeZoneRevolution.IOS.csproj", "{25226340-6F41-439A-BF28-C5DD5AFE8553}"
EndProject
Project("{FAE04EC0-301F-11D3-BF4B-00C04F79EFBC}") = "TimeZoneRevolution.Web.Api", "TimeZoneRevolution.Web.Api\TimeZoneRevolution.Web.Api.csproj", "{BBAEE4C9-FB7D-4A10-9AC6-BECD2ED4C33D}"
EndProject
Project("{FAE04EC0-301F-11D3-BF4B-00C04F79EFBC}") = "TimeZoneRevolution.Console", "TimeZoneRevolution.Console\TimeZoneRevolution.Console.csproj", "{D76B63CC-309B-408C-BADE-3A294F310B50}"
EndProject
Global
	GlobalSection(SolutionConfigurationPlatforms) = preSolution
		Ad-Hoc|Any CPU = Ad-Hoc|Any CPU
		Ad-Hoc|iPhone = Ad-Hoc|iPhone
		Ad-Hoc|iPhoneSimulator = Ad-Hoc|iPhoneSimulator
		AppStore|Any CPU = AppStore|Any CPU
		AppStore|iPhone = AppStore|iPhone
		AppStore|iPhoneSimulator = AppStore|iPhoneSimulator
		Debug|Any CPU = Debug|Any CPU
		Debug|iPhone = Debug|iPhone
		Debug|iPhoneSimulator = Debug|iPhoneSimulator
		DIT|Any CPU = DIT|Any CPU
		DIT|iPhone = DIT|iPhone
		DIT|iPhoneSimulator = DIT|iPhoneSimulator
		Release|Any CPU = Release|Any CPU
		Release|iPhone = Release|iPhone
		Release|iPhoneSimulator = Release|iPhoneSimulator
	EndGlobalSection
	GlobalSection(ProjectConfigurationPlatforms) = postSolution
		{6101284B-7E84-4CDD-8350-0984A536B06C}.Ad-Hoc|Any CPU.ActiveCfg = Release|Any CPU
		{6101284B-7E84-4CDD-8350-0984A536B06C}.Ad-Hoc|Any CPU.Build.0 = Release|Any CPU
		{6101284B-7E84-4CDD-8350-0984A536B06C}.Ad-Hoc|iPhone.ActiveCfg = Release|Any CPU
		{6101284B-7E84-4CDD-8350-0984A536B06C}.Ad-Hoc|iPhone.Build.0 = Release|Any CPU
		{6101284B-7E84-4CDD-8350-0984A536B06C}.Ad-Hoc|iPhoneSimulator.ActiveCfg = Release|Any CPU
		{6101284B-7E84-4CDD-8350-0984A536B06C}.Ad-Hoc|iPhoneSimulator.Build.0 = Release|Any CPU
		{6101284B-7E84-4CDD-8350-0984A536B06C}.AppStore|Any CPU.ActiveCfg = Release|Any CPU
		{6101284B-7E84-4CDD-8350-0984A536B06C}.AppStore|Any CPU.Build.0 = Release|Any CPU
		{6101284B-7E84-4CDD-8350-0984A536B06C}.AppStore|iPhone.ActiveCfg = Release|Any CPU
		{6101284B-7E84-4CDD-8350-0984A536B06C}.AppStore|iPhone.Build.0 = Release|Any CPU
		{6101284B-7E84-4CDD-8350-0984A536B06C}.AppStore|iPhoneSimulator.ActiveCfg = Release|Any CPU
		{6101284B-7E84-4CDD-8350-0984A536B06C}.AppStore|iPhoneSimulator.Build.0 = Release|Any CPU
		{6101284B-7E84-4CDD-8350-0984A536B06C}.Debug|Any CPU.ActiveCfg = Debug|Any CPU
		{6101284B-7E84-4CDD-8350-0984A536B06C}.Debug|Any CPU.Build.0 = Debug|Any CPU
		{6101284B-7E84-4CDD-8350-0984A536B06C}.Debug|iPhone.ActiveCfg = Debug|Any CPU
		{6101284B-7E84-4CDD-8350-0984A536B06C}.Debug|iPhone.Build.0 = Debug|Any CPU
		{6101284B-7E84-4CDD-8350-0984A536B06C}.Debug|iPhoneSimulator.ActiveCfg = Debug|Any CPU
		{6101284B-7E84-4CDD-8350-0984A536B06C}.Debug|iPhoneSimulator.Build.0 = Debug|Any CPU
		{6101284B-7E84-4CDD-8350-0984A536B06C}.DIT|Any CPU.ActiveCfg = DIT|Any CPU
		{6101284B-7E84-4CDD-8350-0984A536B06C}.DIT|Any CPU.Build.0 = DIT|Any CPU
		{6101284B-7E84-4CDD-8350-0984A536B06C}.DIT|iPhone.ActiveCfg = DIT|Any CPU
		{6101284B-7E84-4CDD-8350-0984A536B06C}.DIT|iPhone.Build.0 = DIT|Any CPU
		{6101284B-7E84-4CDD-8350-0984A536B06C}.DIT|iPhoneSimulator.ActiveCfg = DIT|Any CPU
		{6101284B-7E84-4CDD-8350-0984A536B06C}.DIT|iPhoneSimulator.Build.0 = DIT|Any CPU
		{6101284B-7E84-4CDD-8350-0984A536B06C}.Release|Any CPU.ActiveCfg = Release|Any CPU
		{6101284B-7E84-4CDD-8350-0984A536B06C}.Release|Any CPU.Build.0 = Release|Any CPU
		{6101284B-7E84-4CDD-8350-0984A536B06C}.Release|iPhone.ActiveCfg = Release|Any CPU
		{6101284B-7E84-4CDD-8350-0984A536B06C}.Release|iPhone.Build.0 = Release|Any CPU
		{6101284B-7E84-4CDD-8350-0984A536B06C}.Release|iPhoneSimulator.ActiveCfg = Release|Any CPU
		{6101284B-7E84-4CDD-8350-0984A536B06C}.Release|iPhoneSimulator.Build.0 = Release|Any CPU
		{EACF0AF9-BA90-49B9-B140-76822045DFBD}.Ad-Hoc|Any CPU.ActiveCfg = Release|Any CPU
		{EACF0AF9-BA90-49B9-B140-76822045DFBD}.Ad-Hoc|Any CPU.Build.0 = Release|Any CPU
		{EACF0AF9-BA90-49B9-B140-76822045DFBD}.Ad-Hoc|Any CPU.Deploy.0 = Release|Any CPU
		{EACF0AF9-BA90-49B9-B140-76822045DFBD}.Ad-Hoc|iPhone.ActiveCfg = Release|Any CPU
		{EACF0AF9-BA90-49B9-B140-76822045DFBD}.Ad-Hoc|iPhone.Build.0 = Release|Any CPU
		{EACF0AF9-BA90-49B9-B140-76822045DFBD}.Ad-Hoc|iPhone.Deploy.0 = Release|Any CPU
		{EACF0AF9-BA90-49B9-B140-76822045DFBD}.Ad-Hoc|iPhoneSimulator.ActiveCfg = Release|Any CPU
		{EACF0AF9-BA90-49B9-B140-76822045DFBD}.Ad-Hoc|iPhoneSimulator.Build.0 = Release|Any CPU
		{EACF0AF9-BA90-49B9-B140-76822045DFBD}.Ad-Hoc|iPhoneSimulator.Deploy.0 = Release|Any CPU
		{EACF0AF9-BA90-49B9-B140-76822045DFBD}.AppStore|Any CPU.ActiveCfg = Release|Any CPU
		{EACF0AF9-BA90-49B9-B140-76822045DFBD}.AppStore|Any CPU.Build.0 = Release|Any CPU
		{EACF0AF9-BA90-49B9-B140-76822045DFBD}.AppStore|Any CPU.Deploy.0 = Release|Any CPU
		{EACF0AF9-BA90-49B9-B140-76822045DFBD}.AppStore|iPhone.ActiveCfg = Release|Any CPU
		{EACF0AF9-BA90-49B9-B140-76822045DFBD}.AppStore|iPhone.Build.0 = Release|Any CPU
		{EACF0AF9-BA90-49B9-B140-76822045DFBD}.AppStore|iPhone.Deploy.0 = Release|Any CPU
		{EACF0AF9-BA90-49B9-B140-76822045DFBD}.AppStore|iPhoneSimulator.ActiveCfg = Release|Any CPU
		{EACF0AF9-BA90-49B9-B140-76822045DFBD}.AppStore|iPhoneSimulator.Build.0 = Release|Any CPU
		{EACF0AF9-BA90-49B9-B140-76822045DFBD}.AppStore|iPhoneSimulator.Deploy.0 = Release|Any CPU
		{EACF0AF9-BA90-49B9-B140-76822045DFBD}.Debug|Any CPU.ActiveCfg = Debug|Any CPU
		{EACF0AF9-BA90-49B9-B140-76822045DFBD}.Debug|Any CPU.Build.0 = Debug|Any CPU
		{EACF0AF9-BA90-49B9-B140-76822045DFBD}.Debug|Any CPU.Deploy.0 = Debug|Any CPU
		{EACF0AF9-BA90-49B9-B140-76822045DFBD}.Debug|iPhone.ActiveCfg = Debug|Any CPU
		{EACF0AF9-BA90-49B9-B140-76822045DFBD}.Debug|iPhone.Build.0 = Debug|Any CPU
		{EACF0AF9-BA90-49B9-B140-76822045DFBD}.Debug|iPhone.Deploy.0 = Debug|Any CPU
		{EACF0AF9-BA90-49B9-B140-76822045DFBD}.Debug|iPhoneSimulator.ActiveCfg = Debug|Any CPU
		{EACF0AF9-BA90-49B9-B140-76822045DFBD}.Debug|iPhoneSimulator.Build.0 = Debug|Any CPU
		{EACF0AF9-BA90-49B9-B140-76822045DFBD}.Debug|iPhoneSimulator.Deploy.0 = Debug|Any CPU
		{EACF0AF9-BA90-49B9-B140-76822045DFBD}.DIT|Any CPU.ActiveCfg = DIT|Any CPU
		{EACF0AF9-BA90-49B9-B140-76822045DFBD}.DIT|Any CPU.Build.0 = DIT|Any CPU
		{EACF0AF9-BA90-49B9-B140-76822045DFBD}.DIT|Any CPU.Deploy.0 = DIT|Any CPU
		{EACF0AF9-BA90-49B9-B140-76822045DFBD}.DIT|iPhone.ActiveCfg = DIT|Any CPU
		{EACF0AF9-BA90-49B9-B140-76822045DFBD}.DIT|iPhone.Build.0 = DIT|Any CPU
		{EACF0AF9-BA90-49B9-B140-76822045DFBD}.DIT|iPhone.Deploy.0 = DIT|Any CPU
		{EACF0AF9-BA90-49B9-B140-76822045DFBD}.DIT|iPhoneSimulator.ActiveCfg = DIT|Any CPU
		{EACF0AF9-BA90-49B9-B140-76822045DFBD}.DIT|iPhoneSimulator.Build.0 = DIT|Any CPU
		{EACF0AF9-BA90-49B9-B140-76822045DFBD}.DIT|iPhoneSimulator.Deploy.0 = DIT|Any CPU
		{EACF0AF9-BA90-49B9-B140-76822045DFBD}.Release|Any CPU.ActiveCfg = Release|Any CPU
		{EACF0AF9-BA90-49B9-B140-76822045DFBD}.Release|Any CPU.Build.0 = Release|Any CPU
		{EACF0AF9-BA90-49B9-B140-76822045DFBD}.Release|Any CPU.Deploy.0 = Release|Any CPU
		{EACF0AF9-BA90-49B9-B140-76822045DFBD}.Release|iPhone.ActiveCfg = Release|Any CPU
		{EACF0AF9-BA90-49B9-B140-76822045DFBD}.Release|iPhone.Build.0 = Release|Any CPU
		{EACF0AF9-BA90-49B9-B140-76822045DFBD}.Release|iPhone.Deploy.0 = Release|Any CPU
		{EACF0AF9-BA90-49B9-B140-76822045DFBD}.Release|iPhoneSimulator.ActiveCfg = Release|Any CPU
		{EACF0AF9-BA90-49B9-B140-76822045DFBD}.Release|iPhoneSimulator.Build.0 = Release|Any CPU
		{EACF0AF9-BA90-49B9-B140-76822045DFBD}.Release|iPhoneSimulator.Deploy.0 = Release|Any CPU
		{1C2BDAE4-0724-4107-B318-A36DBE167B30}.Ad-Hoc|Any CPU.ActiveCfg = Release|Any CPU
		{1C2BDAE4-0724-4107-B318-A36DBE167B30}.Ad-Hoc|Any CPU.Build.0 = Release|Any CPU
		{1C2BDAE4-0724-4107-B318-A36DBE167B30}.Ad-Hoc|iPhone.ActiveCfg = Release|Any CPU
		{1C2BDAE4-0724-4107-B318-A36DBE167B30}.Ad-Hoc|iPhone.Build.0 = Release|Any CPU
		{1C2BDAE4-0724-4107-B318-A36DBE167B30}.Ad-Hoc|iPhoneSimulator.ActiveCfg = Release|Any CPU
		{1C2BDAE4-0724-4107-B318-A36DBE167B30}.Ad-Hoc|iPhoneSimulator.Build.0 = Release|Any CPU
		{1C2BDAE4-0724-4107-B318-A36DBE167B30}.AppStore|Any CPU.ActiveCfg = Release|Any CPU
		{1C2BDAE4-0724-4107-B318-A36DBE167B30}.AppStore|Any CPU.Build.0 = Release|Any CPU
		{1C2BDAE4-0724-4107-B318-A36DBE167B30}.AppStore|iPhone.ActiveCfg = Release|Any CPU
		{1C2BDAE4-0724-4107-B318-A36DBE167B30}.AppStore|iPhone.Build.0 = Release|Any CPU
		{1C2BDAE4-0724-4107-B318-A36DBE167B30}.AppStore|iPhoneSimulator.ActiveCfg = Release|Any CPU
		{1C2BDAE4-0724-4107-B318-A36DBE167B30}.AppStore|iPhoneSimulator.Build.0 = Release|Any CPU
		{1C2BDAE4-0724-4107-B318-A36DBE167B30}.Debug|Any CPU.ActiveCfg = Debug|Any CPU
		{1C2BDAE4-0724-4107-B318-A36DBE167B30}.Debug|Any CPU.Build.0 = Debug|Any CPU
		{1C2BDAE4-0724-4107-B318-A36DBE167B30}.Debug|iPhone.ActiveCfg = Debug|Any CPU
		{1C2BDAE4-0724-4107-B318-A36DBE167B30}.Debug|iPhone.Build.0 = Debug|Any CPU
		{1C2BDAE4-0724-4107-B318-A36DBE167B30}.Debug|iPhoneSimulator.ActiveCfg = Debug|Any CPU
		{1C2BDAE4-0724-4107-B318-A36DBE167B30}.Debug|iPhoneSimulator.Build.0 = Debug|Any CPU
		{1C2BDAE4-0724-4107-B318-A36DBE167B30}.DIT|Any CPU.ActiveCfg = DIT|Any CPU
		{1C2BDAE4-0724-4107-B318-A36DBE167B30}.DIT|Any CPU.Build.0 = DIT|Any CPU
		{1C2BDAE4-0724-4107-B318-A36DBE167B30}.DIT|iPhone.ActiveCfg = DIT|Any CPU
		{1C2BDAE4-0724-4107-B318-A36DBE167B30}.DIT|iPhone.Build.0 = DIT|Any CPU
		{1C2BDAE4-0724-4107-B318-A36DBE167B30}.DIT|iPhoneSimulator.ActiveCfg = DIT|Any CPU
		{1C2BDAE4-0724-4107-B318-A36DBE167B30}.DIT|iPhoneSimulator.Build.0 = DIT|Any CPU
		{1C2BDAE4-0724-4107-B318-A36DBE167B30}.Release|Any CPU.ActiveCfg = Release|Any CPU
		{1C2BDAE4-0724-4107-B318-A36DBE167B30}.Release|Any CPU.Build.0 = Release|Any CPU
		{1C2BDAE4-0724-4107-B318-A36DBE167B30}.Release|iPhone.ActiveCfg = Release|Any CPU
		{1C2BDAE4-0724-4107-B318-A36DBE167B30}.Release|iPhone.Build.0 = Release|Any CPU
		{1C2BDAE4-0724-4107-B318-A36DBE167B30}.Release|iPhoneSimulator.ActiveCfg = Release|Any CPU
		{1C2BDAE4-0724-4107-B318-A36DBE167B30}.Release|iPhoneSimulator.Build.0 = Release|Any CPU
		{25226340-6F41-439A-BF28-C5DD5AFE8553}.Ad-Hoc|Any CPU.ActiveCfg = Ad-Hoc|iPhone
		{25226340-6F41-439A-BF28-C5DD5AFE8553}.Ad-Hoc|iPhone.ActiveCfg = Ad-Hoc|iPhone
		{25226340-6F41-439A-BF28-C5DD5AFE8553}.Ad-Hoc|iPhone.Build.0 = Ad-Hoc|iPhone
		{25226340-6F41-439A-BF28-C5DD5AFE8553}.Ad-Hoc|iPhoneSimulator.ActiveCfg = Ad-Hoc|iPhoneSimulator
		{25226340-6F41-439A-BF28-C5DD5AFE8553}.Ad-Hoc|iPhoneSimulator.Build.0 = Ad-Hoc|iPhoneSimulator
		{25226340-6F41-439A-BF28-C5DD5AFE8553}.AppStore|Any CPU.ActiveCfg = AppStore|iPhone
		{25226340-6F41-439A-BF28-C5DD5AFE8553}.AppStore|iPhone.ActiveCfg = AppStore|iPhone
		{25226340-6F41-439A-BF28-C5DD5AFE8553}.AppStore|iPhone.Build.0 = AppStore|iPhone
		{25226340-6F41-439A-BF28-C5DD5AFE8553}.AppStore|iPhoneSimulator.ActiveCfg = AppStore|iPhoneSimulator
		{25226340-6F41-439A-BF28-C5DD5AFE8553}.AppStore|iPhoneSimulator.Build.0 = AppStore|iPhoneSimulator
		{25226340-6F41-439A-BF28-C5DD5AFE8553}.Debug|Any CPU.ActiveCfg = Debug|iPhone
		{25226340-6F41-439A-BF28-C5DD5AFE8553}.Debug|iPhone.ActiveCfg = Debug|iPhone
		{25226340-6F41-439A-BF28-C5DD5AFE8553}.Debug|iPhone.Build.0 = Debug|iPhone
		{25226340-6F41-439A-BF28-C5DD5AFE8553}.Debug|iPhoneSimulator.ActiveCfg = Debug|iPhoneSimulator
		{25226340-6F41-439A-BF28-C5DD5AFE8553}.Debug|iPhoneSimulator.Build.0 = Debug|iPhoneSimulator
		{25226340-6F41-439A-BF28-C5DD5AFE8553}.DIT|Any CPU.ActiveCfg = AppStore|iPhone
		{25226340-6F41-439A-BF28-C5DD5AFE8553}.DIT|Any CPU.Build.0 = AppStore|iPhone
		{25226340-6F41-439A-BF28-C5DD5AFE8553}.DIT|iPhone.ActiveCfg = Debug|iPhone
		{25226340-6F41-439A-BF28-C5DD5AFE8553}.DIT|iPhone.Build.0 = Debug|iPhone
		{25226340-6F41-439A-BF28-C5DD5AFE8553}.DIT|iPhoneSimulator.ActiveCfg = Debug|iPhoneSimulator
		{25226340-6F41-439A-BF28-C5DD5AFE8553}.DIT|iPhoneSimulator.Build.0 = Debug|iPhoneSimulator
		{25226340-6F41-439A-BF28-C5DD5AFE8553}.Release|Any CPU.ActiveCfg = Release|iPhone
		{25226340-6F41-439A-BF28-C5DD5AFE8553}.Release|iPhone.ActiveCfg = Release|iPhone
		{25226340-6F41-439A-BF28-C5DD5AFE8553}.Release|iPhone.Build.0 = Release|iPhone
		{25226340-6F41-439A-BF28-C5DD5AFE8553}.Release|iPhoneSimulator.ActiveCfg = Release|iPhoneSimulator
		{25226340-6F41-439A-BF28-C5DD5AFE8553}.Release|iPhoneSimulator.Build.0 = Release|iPhoneSimulator
		{BBAEE4C9-FB7D-4A10-9AC6-BECD2ED4C33D}.Ad-Hoc|Any CPU.ActiveCfg = Release|Any CPU
		{BBAEE4C9-FB7D-4A10-9AC6-BECD2ED4C33D}.Ad-Hoc|Any CPU.Build.0 = Release|Any CPU
		{BBAEE4C9-FB7D-4A10-9AC6-BECD2ED4C33D}.Ad-Hoc|iPhone.ActiveCfg = Release|Any CPU
		{BBAEE4C9-FB7D-4A10-9AC6-BECD2ED4C33D}.Ad-Hoc|iPhone.Build.0 = Release|Any CPU
		{BBAEE4C9-FB7D-4A10-9AC6-BECD2ED4C33D}.Ad-Hoc|iPhoneSimulator.ActiveCfg = Release|Any CPU
		{BBAEE4C9-FB7D-4A10-9AC6-BECD2ED4C33D}.Ad-Hoc|iPhoneSimulator.Build.0 = Release|Any CPU
		{BBAEE4C9-FB7D-4A10-9AC6-BECD2ED4C33D}.AppStore|Any CPU.ActiveCfg = Release|Any CPU
		{BBAEE4C9-FB7D-4A10-9AC6-BECD2ED4C33D}.AppStore|Any CPU.Build.0 = Release|Any CPU
		{BBAEE4C9-FB7D-4A10-9AC6-BECD2ED4C33D}.AppStore|iPhone.ActiveCfg = Release|Any CPU
		{BBAEE4C9-FB7D-4A10-9AC6-BECD2ED4C33D}.AppStore|iPhone.Build.0 = Release|Any CPU
		{BBAEE4C9-FB7D-4A10-9AC6-BECD2ED4C33D}.AppStore|iPhoneSimulator.ActiveCfg = Release|Any CPU
		{BBAEE4C9-FB7D-4A10-9AC6-BECD2ED4C33D}.AppStore|iPhoneSimulator.Build.0 = Release|Any CPU
		{BBAEE4C9-FB7D-4A10-9AC6-BECD2ED4C33D}.Debug|Any CPU.ActiveCfg = Debug|Any CPU
		{BBAEE4C9-FB7D-4A10-9AC6-BECD2ED4C33D}.Debug|Any CPU.Build.0 = Debug|Any CPU
		{BBAEE4C9-FB7D-4A10-9AC6-BECD2ED4C33D}.Debug|iPhone.ActiveCfg = Debug|Any CPU
		{BBAEE4C9-FB7D-4A10-9AC6-BECD2ED4C33D}.Debug|iPhone.Build.0 = Debug|Any CPU
		{BBAEE4C9-FB7D-4A10-9AC6-BECD2ED4C33D}.Debug|iPhoneSimulator.ActiveCfg = Debug|Any CPU
		{BBAEE4C9-FB7D-4A10-9AC6-BECD2ED4C33D}.Debug|iPhoneSimulator.Build.0 = Debug|Any CPU
		{BBAEE4C9-FB7D-4A10-9AC6-BECD2ED4C33D}.DIT|Any CPU.ActiveCfg = Debug|Any CPU
		{BBAEE4C9-FB7D-4A10-9AC6-BECD2ED4C33D}.DIT|Any CPU.Build.0 = Debug|Any CPU
		{BBAEE4C9-FB7D-4A10-9AC6-BECD2ED4C33D}.DIT|iPhone.ActiveCfg = Debug|Any CPU
		{BBAEE4C9-FB7D-4A10-9AC6-BECD2ED4C33D}.DIT|iPhone.Build.0 = Debug|Any CPU
		{BBAEE4C9-FB7D-4A10-9AC6-BECD2ED4C33D}.DIT|iPhoneSimulator.ActiveCfg = Debug|Any CPU
		{BBAEE4C9-FB7D-4A10-9AC6-BECD2ED4C33D}.DIT|iPhoneSimulator.Build.0 = Debug|Any CPU
		{BBAEE4C9-FB7D-4A10-9AC6-BECD2ED4C33D}.Release|Any CPU.ActiveCfg = Release|Any CPU
		{BBAEE4C9-FB7D-4A10-9AC6-BECD2ED4C33D}.Release|Any CPU.Build.0 = Release|Any CPU
		{BBAEE4C9-FB7D-4A10-9AC6-BECD2ED4C33D}.Release|iPhone.ActiveCfg = Release|Any CPU
		{BBAEE4C9-FB7D-4A10-9AC6-BECD2ED4C33D}.Release|iPhone.Build.0 = Release|Any CPU
		{BBAEE4C9-FB7D-4A10-9AC6-BECD2ED4C33D}.Release|iPhoneSimulator.ActiveCfg = Release|Any CPU
		{BBAEE4C9-FB7D-4A10-9AC6-BECD2ED4C33D}.Release|iPhoneSimulator.Build.0 = Release|Any CPU
		{D76B63CC-309B-408C-BADE-3A294F310B50}.Ad-Hoc|Any CPU.ActiveCfg = Release|Any CPU
		{D76B63CC-309B-408C-BADE-3A294F310B50}.Ad-Hoc|Any CPU.Build.0 = Release|Any CPU
		{D76B63CC-309B-408C-BADE-3A294F310B50}.Ad-Hoc|iPhone.ActiveCfg = Release|Any CPU
		{D76B63CC-309B-408C-BADE-3A294F310B50}.Ad-Hoc|iPhone.Build.0 = Release|Any CPU
		{D76B63CC-309B-408C-BADE-3A294F310B50}.Ad-Hoc|iPhoneSimulator.ActiveCfg = Release|Any CPU
		{D76B63CC-309B-408C-BADE-3A294F310B50}.Ad-Hoc|iPhoneSimulator.Build.0 = Release|Any CPU
		{D76B63CC-309B-408C-BADE-3A294F310B50}.AppStore|Any CPU.ActiveCfg = Release|Any CPU
		{D76B63CC-309B-408C-BADE-3A294F310B50}.AppStore|Any CPU.Build.0 = Release|Any CPU
		{D76B63CC-309B-408C-BADE-3A294F310B50}.AppStore|iPhone.ActiveCfg = Release|Any CPU
		{D76B63CC-309B-408C-BADE-3A294F310B50}.AppStore|iPhone.Build.0 = Release|Any CPU
		{D76B63CC-309B-408C-BADE-3A294F310B50}.AppStore|iPhoneSimulator.ActiveCfg = Release|Any CPU
		{D76B63CC-309B-408C-BADE-3A294F310B50}.AppStore|iPhoneSimulator.Build.0 = Release|Any CPU
		{D76B63CC-309B-408C-BADE-3A294F310B50}.Debug|Any CPU.ActiveCfg = Debug|Any CPU
		{D76B63CC-309B-408C-BADE-3A294F310B50}.Debug|Any CPU.Build.0 = Debug|Any CPU
		{D76B63CC-309B-408C-BADE-3A294F310B50}.Debug|iPhone.ActiveCfg = Debug|Any CPU
		{D76B63CC-309B-408C-BADE-3A294F310B50}.Debug|iPhone.Build.0 = Debug|Any CPU
		{D76B63CC-309B-408C-BADE-3A294F310B50}.Debug|iPhoneSimulator.ActiveCfg = Debug|Any CPU
		{D76B63CC-309B-408C-BADE-3A294F310B50}.Debug|iPhoneSimulator.Build.0 = Debug|Any CPU
		{D76B63CC-309B-408C-BADE-3A294F310B50}.DIT|Any CPU.ActiveCfg = Debug|Any CPU
		{D76B63CC-309B-408C-BADE-3A294F310B50}.DIT|Any CPU.Build.0 = Debug|Any CPU
		{D76B63CC-309B-408C-BADE-3A294F310B50}.DIT|iPhone.ActiveCfg = Debug|Any CPU
		{D76B63CC-309B-408C-BADE-3A294F310B50}.DIT|iPhone.Build.0 = Debug|Any CPU
		{D76B63CC-309B-408C-BADE-3A294F310B50}.DIT|iPhoneSimulator.ActiveCfg = Debug|Any CPU
		{D76B63CC-309B-408C-BADE-3A294F310B50}.DIT|iPhoneSimulator.Build.0 = Debug|Any CPU
		{D76B63CC-309B-408C-BADE-3A294F310B50}.Release|Any CPU.ActiveCfg = Release|Any CPU
		{D76B63CC-309B-408C-BADE-3A294F310B50}.Release|Any CPU.Build.0 = Release|Any CPU
		{D76B63CC-309B-408C-BADE-3A294F310B50}.Release|iPhone.ActiveCfg = Release|Any CPU
		{D76B63CC-309B-408C-BADE-3A294F310B50}.Release|iPhone.Build.0 = Release|Any CPU
		{D76B63CC-309B-408C-BADE-3A294F310B50}.Release|iPhoneSimulator.ActiveCfg = Release|Any CPU
		{D76B63CC-309B-408C-BADE-3A294F310B50}.Release|iPhoneSimulator.Build.0 = Release|Any CPU
	EndGlobalSection
	GlobalSection(SolutionProperties) = preSolution
		HideSolutionNode = FALSE
	EndGlobalSection
EndGlobal
